PODS:
  - Alamofire (4.0.1)
  - Cosmos (7.0.0)
  - Crashlytics (3.8.2):
    - Fabric (~> 1.6.3)
  - Fabric (1.6.9)
  - Firebase/Core (3.7.1):
    - FirebaseAnalytics (= 3.4.4)
    - FirebaseCore (= 3.4.3)
  - Firebase/Messaging (3.7.1):
    - Firebase/Core
    - FirebaseMessaging (= 1.2.0)
  - FirebaseAnalytics (3.4.4):
    - FirebaseCore (~> 3.4)
    - FirebaseInstanceID (~> 1.0)
    - GoogleInterchangeUtilities (~> 1.2)
    - GoogleSymbolUtilities (~> 1.1)
  - FirebaseCore (3.4.3):
    - GoogleInterchangeUtilities (~> 1.2)
    - GoogleUtilities (~> 1.2)
  - FirebaseInstanceID (1.0.8)
  - FirebaseMessaging (1.2.0):
    - FirebaseAnalytics (~> 3.3)
    - FirebaseInstanceID (~> 1.0)
    - GoogleInterchangeUtilities (~> 1.2)
    - GoogleIPhoneUtilities (~> 1.2)
    - GoogleSymbolUtilities (~> 1.1)
  - FloatRatingView (2.0)
  - GoogleInterchangeUtilities (1.2.2):
    - GoogleSymbolUtilities (~> 1.1)
  - GoogleIPhoneUtilities (1.2.1):
    - GoogleSymbolUtilities (~> 1.0)
    - GoogleUtilities (~> 1.0)
  - GoogleMaps (2.1.0):
    - GoogleMaps/Maps (= 2.1.0)
  - GoogleMaps/Base (2.1.0)
  - GoogleMaps/Maps (2.1.0):
    - GoogleMaps/Base (= 2.1.0)
  - GooglePlaces (2.1.0):
    - GoogleMaps/Base (= 2.1.0)
  - GoogleSymbolUtilities (1.1.2)
  - GoogleUtilities (1.3.2):
    - GoogleSymbolUtilities (~> 1.1)
  - JSQMessagesViewController (7.3.4):
    - JSQSystemSoundPlayer (~> 2.0.1)
  - JSQSystemSoundPlayer (2.0.1)
  - MBProgressHUD (1.0.0)
  - "NSDate+TimeAgo (1.0.6)"
  - SDWebImage (3.8.2):
    - SDWebImage/Core (= 3.8.2)
  - SDWebImage/Core (3.8.2)

DEPENDENCIES:
  - Alamofire (~> 4.0)
  - Cosmos
  - Crashlytics
  - Fabric
  - Firebase/Core
  - Firebase/Messaging
  - FloatRatingView (~> 2.0.0)
  - GoogleMaps
  - GooglePlaces
  - JSQMessagesViewController
  - MBProgressHUD (~> 1.0.0)
  - "NSDate+TimeAgo"
  - SDWebImage (~> 3.8)

SPEC REPOS:
  https://github.com/cocoapods/specs.git:
    - Alamofire
    - Cosmos
    - Crashlytics
    - Fabric
    - Firebase
    - FirebaseAnalytics
    - FirebaseCore
    - FirebaseInstanceID
    - FirebaseMessaging
    - FloatRatingView
    - GoogleInterchangeUtilities
    - GoogleIPhoneUtilities
    - GoogleMaps
    - GooglePlaces
    - GoogleSymbolUtilities
    - GoogleUtilities
    - JSQMessagesViewController
    - JSQSystemSoundPlayer
    - MBProgressHUD
    - "NSDate+TimeAgo"
    - SDWebImage

SPEC CHECKSUMS:
  Alamofire: 7682d43245de14874acd142ec137b144aa1dd335
  Cosmos: 2c8299147138758f6ebbb247cf1aeed77998bdf9
  Crashlytics: 27acca95a01b042a8294291dd6dff27f8f6af6d7
  Fabric: bc5bec42cef4bcf1ee3ce0e218fc518e4b44dfbb
  Firebase: be473484f0d515e72ffd04acf22f981773c23e58
  FirebaseAnalytics: 0533a00b681e08fd0b2cd0444b7ddf0ef9fd7a1a
  FirebaseCore: 5a885548bbc5f0c410b04f8e9ac9d73ff1221907
  FirebaseInstanceID: ba1e640935235e5fac39dfa816fe7660e72e1a8a
  FirebaseMessaging: 789d23fd796594dfb55dcf36cd325541df887c22
  FloatRatingView: 857ab8f10040d06a42fc979f486c8f9fecd2f2e5
  GoogleInterchangeUtilities: d5bc4d88d5b661ab72f9d70c58d02ca8c27ad1f7
  GoogleIPhoneUtilities: 63f25e93a3ddcb66884d182aab3a660d98f1479b
  GoogleMaps: 06589b9a38097bce0cd6e90f0fd9b5e4b4a9344c
  GooglePlaces: 16e96266483b8010e9f275399403647978523c86
  GoogleSymbolUtilities: 631ee17048aa5e9ab133470d768ea997a5ef9b96
  GoogleUtilities: 8bbc733218aad26306f9d4a253823986110e3358
  JSQMessagesViewController: 39fed975e3c9f8eba7292071e29eeb541d105e66
  JSQSystemSoundPlayer: c5850e77a4363ffd374cd851154b9af93264ed8d
  MBProgressHUD: 4890f671c94e8a0f3cf959aa731e9de2f036d71a
  "NSDate+TimeAgo": 35601c619b2d59290055e4fe76e61d97677a2360
  SDWebImage: 098e97e6176540799c27e804c96653ee0833d13c

PODFILE CHECKSUM: df9f10de99c388d8d85455626970addf07720e6a

COCOAPODS: 1.5.2
